# Generated by conda-lock.
# platform: osx-64
# env_hash: 50d0b7922a94a6e9f33c833737f807149eaff79530bff9896ce8fda8e6b19f9c
@EXPLICIT
https://conda.anaconda.org/conda-forge/osx-64/ca-certificates-2021.5.30-h033912b_0.tar.bz2#2377a0c58b5ffe92d70b7bdcd833e8ff
https://conda.anaconda.org/conda-forge/osx-64/libcxx-12.0.1-habf9029_0.tar.bz2#49c188a7f9c7c9ddabafc80cc5625bb7
https://conda.anaconda.org/conda-forge/osx-64/llvm-openmp-12.0.1-hda6cdc1_1.tar.bz2#35b1fd6ed9f0f1c68583dc9c9f672513
https://conda.anaconda.org/conda-forge/osx-64/ncurses-6.2-h2e338ed_4.tar.bz2#9cef1910395d1543527583e73dba30f1
https://conda.anaconda.org/conda-forge/noarch/tzdata-2021a-he74cb21_1.tar.bz2#cc5690eb258c3706f754306f191da8d8
https://conda.anaconda.org/conda-forge/osx-64/xz-5.2.5-haf1e3a3_1.tar.bz2#41116deb499e9bc58048c297d6403ce6
https://conda.anaconda.org/conda-forge/osx-64/zlib-1.2.11-h7795811_1010.tar.bz2#7d39e47e16ed0107f37c7224d5b5be8b
https://conda.anaconda.org/conda-forge/osx-64/libffi-3.3-h046ec9c_2.tar.bz2#c7a196accaf92d40985d5c9b4d14f9cb
https://conda.anaconda.org/conda-forge/osx-64/libgfortran5-9.3.0-h6c81a4c_23.tar.bz2#a6956ceb628b14594613cefee5127a7a
https://conda.anaconda.org/conda-forge/osx-64/libllvm10-10.0.1-h009f743_3.tar.bz2#cc65eb0b26253d2789320bfd661852f9
https://conda.anaconda.org/conda-forge/osx-64/openssl-1.1.1k-h0d85af4_0.tar.bz2#f9582eb16f4e3bc7932995e122f30a74
https://conda.anaconda.org/conda-forge/osx-64/readline-8.1-h05e3726_0.tar.bz2#2832e9b6a7caa7cb192fcda6cfcd8871
https://conda.anaconda.org/conda-forge/osx-64/tk-8.6.10-h0419947_1.tar.bz2#9a79a432473acddd936ff8bab8b86145
https://conda.anaconda.org/conda-forge/osx-64/libgfortran-5.0.0-9_3_0_h6c81a4c_23.tar.bz2#60f48cef2d50674e0428c5579b6c3f66
https://conda.anaconda.org/conda-forge/osx-64/sqlite-3.36.0-h23a322b_0.tar.bz2#6b6f868ab26da23c5a9b518799de901a
https://conda.anaconda.org/conda-forge/osx-64/libopenblas-0.3.17-openmp_h3351f45_1.tar.bz2#7bcb478878af05fa60697e809d7827aa
https://conda.anaconda.org/conda-forge/osx-64/python-3.9.6-hd187cdc_1_cpython.tar.bz2#886248054c0b072f06a689f952389548
https://conda.anaconda.org/conda-forge/noarch/appdirs-1.4.4-pyh9f0ad1d_0.tar.bz2#5f095bc6454094e96f146491fd03633b
https://conda.anaconda.org/conda-forge/noarch/attrs-21.2.0-pyhd8ed1ab_0.tar.bz2#d2e1c7f388ac403df7079b411c37cc50
https://conda.anaconda.org/conda-forge/noarch/dataclasses-0.8-pyhc8e2a94_1.tar.bz2#28e0de0ecba81334619a777fdc00febc
https://conda.anaconda.org/conda-forge/noarch/iniconfig-1.1.1-pyh9f0ad1d_0.tar.bz2#39161f81cc5e5ca45b8226fbb06c6905
https://conda.anaconda.org/conda-forge/osx-64/libblas-3.9.0-11_osx64_openblas.tar.bz2#2f9b6da86f6018deedf855ccb04893a5
https://conda.anaconda.org/conda-forge/noarch/mccabe-0.6.1-py_1.tar.bz2#a326cb400c1ccd91789f3e7d02124d61
https://conda.anaconda.org/conda-forge/noarch/more-itertools-8.8.0-pyhd8ed1ab_0.tar.bz2#af8d3837f18d331839368bcb9f8cd3d9
https://conda.anaconda.org/conda-forge/noarch/pathspec-0.9.0-pyhd8ed1ab_0.tar.bz2#f93dc0ccbc0a8472624165f6e256c7d1
https://conda.anaconda.org/conda-forge/noarch/py-1.10.0-pyhd3deb0d_0.tar.bz2#88ca1328ecc79a070214aa24911bace8
https://conda.anaconda.org/conda-forge/noarch/py-cpuinfo-8.0.0-pyhd8ed1ab_0.tar.bz2#37a9a8874b2e62987f8dc2434688f3cf
https://conda.anaconda.org/conda-forge/noarch/pycodestyle-2.7.0-pyhd8ed1ab_0.tar.bz2#0234673eb2ecfbdf4e54574ab4d95f81
https://conda.anaconda.org/conda-forge/noarch/pyflakes-2.3.1-pyhd8ed1ab_0.tar.bz2#01e9ada82bd261ee2b6366aa832018cc
https://conda.anaconda.org/conda-forge/noarch/pyparsing-2.4.7-pyh9f0ad1d_0.tar.bz2#626c4f20d5bf06dcec9cf2eaa31725c7
https://conda.anaconda.org/conda-forge/osx-64/python_abi-3.9-2_cp39.tar.bz2#262f557ee8ca777fe2190956038024cd
https://conda.anaconda.org/conda-forge/noarch/snowballstemmer-2.1.0-pyhd8ed1ab_0.tar.bz2#f1d64c0cf0eedf655a96ccdc1573c05a
https://conda.anaconda.org/conda-forge/noarch/toml-0.10.2-pyhd8ed1ab_0.tar.bz2#f832c45a477c78bebd107098db465095
https://conda.anaconda.org/conda-forge/noarch/typing_extensions-3.10.0.0-pyha770c72_0.tar.bz2#67c0cba6533b641f28946d7c16f361c8
https://conda.anaconda.org/conda-forge/noarch/zipp-3.5.0-pyhd8ed1ab_0.tar.bz2#f9dd05a5ed6b81c91f097e3739107a74
https://conda.anaconda.org/conda-forge/osx-64/certifi-2021.5.30-py39h6e9494a_0.tar.bz2#f5946ac7fd793702380bfcb90a353a0f
https://conda.anaconda.org/conda-forge/osx-64/click-8.0.1-py39h6e9494a_0.tar.bz2#67f5b58a1e8474030766b4e2b5c8951d
https://conda.anaconda.org/conda-forge/osx-64/importlib-metadata-4.6.3-py39h6e9494a_0.tar.bz2#6a6bd728243eaa22ad64f106373221d8
https://conda.anaconda.org/conda-forge/osx-64/libcblas-3.9.0-11_osx64_openblas.tar.bz2#c0378dd75e109b7a0b622e8d2a151dea
https://conda.anaconda.org/conda-forge/osx-64/liblapack-3.9.0-11_osx64_openblas.tar.bz2#6b296c0d990d973f20abb79078de9812
https://conda.anaconda.org/conda-forge/osx-64/llvmlite-0.36.0-py39h798a4f4_0.tar.bz2#8eceef66e7247bcd40df164d8f3c86d1
https://conda.anaconda.org/conda-forge/osx-64/mypy_extensions-0.4.3-py39h6e9494a_3.tar.bz2#1161cfe7292bbab7f63f1271a2696753
https://conda.anaconda.org/conda-forge/noarch/packaging-21.0-pyhd8ed1ab_0.tar.bz2#45cfb8e482b5cce8f07c87e0e19a592c
https://conda.anaconda.org/conda-forge/osx-64/pluggy-0.13.1-py39h6e9494a_4.tar.bz2#cd205b8907ea7d025d3c4ef61a3fdb84
https://conda.anaconda.org/conda-forge/osx-64/psutil-5.8.0-py39h89e85a6_1.tar.bz2#7bdf1a038c5aa4997a55e5e156e1c9db
https://conda.anaconda.org/conda-forge/osx-64/pybind11-global-2.7.1-py39hf018cea_0.tar.bz2#a7ab8edb9fe3e3e136e03d63e2c17671
https://conda.anaconda.org/conda-forge/noarch/pydocstyle-6.1.1-pyhd8ed1ab_0.tar.bz2#e417954a987d382b3142886726ab3aad
https://conda.anaconda.org/conda-forge/osx-64/regex-2021.8.3-py39h89e85a6_0.tar.bz2#d4e09c099ba4bfc53cd88a3bae1db4e4
https://conda.anaconda.org/conda-forge/osx-64/typed-ast-1.4.3-py39h89e85a6_0.tar.bz2#30e229a55f1b8dc7536b12f1dc14cf20
https://conda.anaconda.org/conda-forge/noarch/black-20.8b1-py_1.tar.bz2#e555d6b71ec916c3dc4e6e3793cc9796
https://conda.anaconda.org/conda-forge/noarch/mypy-0.812-pyhd8ed1ab_0.tar.bz2#517ce8d8863ba1d315ea99854f9e8449
https://conda.anaconda.org/conda-forge/osx-64/numpy-1.21.1-py39h7eed0ac_0.tar.bz2#046a445ce745375f440a53e4924149ab
https://conda.anaconda.org/conda-forge/osx-64/pybind11-2.7.1-py39hf018cea_0.tar.bz2#82bd8caf22efafde3107fce1f7dfb9b8
https://conda.anaconda.org/conda-forge/osx-64/pytest-6.2.4-py39h6e9494a_0.tar.bz2#8ebc4f66c7171fca4823f329d9b776e1
https://conda.anaconda.org/conda-forge/osx-64/setuptools-49.6.0-py39h6e9494a_3.tar.bz2#f4f757b28d82aae4f8c7f5aac5c9e477
https://conda.anaconda.org/conda-forge/noarch/flake8-3.9.2-pyhd8ed1ab_0.tar.bz2#37d685abea0a25c921431edda02ad143
https://conda.anaconda.org/conda-forge/noarch/isort-5.9.3-pyhd8ed1ab_0.tar.bz2#1d4edd3ed982e6c03ae1788dfb87d907
https://conda.anaconda.org/conda-forge/osx-64/numba-0.53.1-py39h32e38f5_1.tar.bz2#bfb641e82596ed0b14e2205c9ec7c4d9
https://conda.anaconda.org/conda-forge/noarch/pytest-benchmark-3.4.1-pyhd8ed1ab_0.tar.bz2#b43432959097d928368777783a113eaa
